
Microsoft Visual Studio Solution File, Format Version 12.00
# Visual Studio Version 16
VisualStudioVersion = 16.0.29911.84
MinimumVisualStudioVersion = 10.0.40219.1
Project("{FAE04EC0-301F-11D3-BF4B-00C04F79EFBC}") = "IoTHubObserver", "IoTHubObserver\IoTHubObserver.csproj", "{B308D348-9117-434C-9963-CDB359707E0A}"
EndProject
Global
	GlobalSection(SolutionConfigurationPlatforms) = preSolution
		Debug|Any CPU = Debug|Any CPU
		Release|Any CPU = Release|Any CPU
	EndGlobalSection
	GlobalSection(ProjectConfigurationPlatforms) = postSolution
		{B308D348-9117-434C-9963-CDB359707E0A}.Debug|Any CPU.ActiveCfg = Debug|Any CPU
		{B308D348-9117-434C-9963-CDB359707E0A}.Debug|Any CPU.Build.0 = Debug|Any CPU
		{B308D348-9117-434C-9963-CDB359707E0A}.Release|Any CPU.ActiveCfg = Release|Any CPU
		{B308D348-9117-434C-9963-CDB359707E0A}.Release|Any CPU.Build.0 = Release|Any CPU
	EndGlobalSection
	GlobalSection(SolutionProperties) = preSolution
		HideSolutionNode = FALSE
	EndGlobalSection
	GlobalSection(ExtensibilityGlobals) = postSolution
		SolutionGuid = {54494711-0342-4C32-A98C-87D35688C3AA}
	EndGlobalSection
EndGlobal
